{
    "name": "@knihalani/webprobe",
    "version": "0.1.0",
    "lockfileVersion": 3,
    "requires": true,
    "packages": {
        "": {
            "name": "@knihalani/webprobe",
            "version": "0.1.0",
            "hasInstallScript": true,
            "license": "MIT",
            "dependencies": {
                "@knihalani/webprobe": "^0.1.0"
            },
            "bin": {
                "webprobe": "bin/webprobe.js"
            },
            "engines": {
                "node": ">=16"
            }
        },
        "node_modules/@knihalani/webprobe": {
            "version": "0.1.0",
            "resolved": "https://registry.npmjs.org/@knihalani/webprobe/-/webprobe-0.1.0.tgz",
            "integrity": "sha512-z0V1ayeFNcO0sbTgPn3eXycjZDewbq4fH9QkRgm+1PHpnOjCcnAu+qc1RfMM3ia6mUSi9W34jlIqoJmrqPMiUQ==",
            "hasInstallScript": true,
            "license": "MIT",
            "bin": {
                "webprobe": "bin/webprobe.js"
            },
            "engines": {
                "node": ">=16"
            }
        }
    }
}
